
Microsoft Visual Studio Solution File, Format Version 12.00
# Visual Studio Version 16
VisualStudioVersion = 16.0.29905.134
MinimumVisualStudioVersion = 10.0.40219.1
Project("{FAE04EC0-301F-11D3-BF4B-00C04F79EFBC}") = "BooksGalore.Web", "BooksGalore.Web\BooksGalore.Web.csproj", "{E68DE9A4-1315-4DF0-B09D-AE3F55361501}"
EndProject
Project("{FAE04EC0-301F-11D3-BF4B-00C04F79EFBC}") = "DataAccess", "DataAccess\DataAccess.csproj", "{236798AB-1F50-4E72-B906-AA5DCA71CF7B}"
EndProject
Project("{FAE04EC0-301F-11D3-BF4B-00C04F79EFBC}") = "Models", "Models\Models.csproj", "{7E003058-60D5-48F0-ADC7-1934AF111740}"
EndProject
Project("{FAE04EC0-301F-11D3-BF4B-00C04F79EFBC}") = "Utility", "Utility\Utility.csproj", "{84E834B0-659A-4569-8300-CDC1BAF1D3CA}"
EndProject
Global
	GlobalSection(SolutionConfigurationPlatforms) = preSolution
		Debug|Any CPU = Debug|Any CPU
		Release|Any CPU = Release|Any CPU
	EndGlobalSection
	GlobalSection(ProjectConfigurationPlatforms) = postSolution
		{E68DE9A4-1315-4DF0-B09D-AE3F55361501}.Debug|Any CPU.ActiveCfg = Debug|Any CPU
		{E68DE9A4-1315-4DF0-B09D-AE3F55361501}.Debug|Any CPU.Build.0 = Debug|Any CPU
		{E68DE9A4-1315-4DF0-B09D-AE3F55361501}.Release|Any CPU.ActiveCfg = Release|Any CPU
		{E68DE9A4-1315-4DF0-B09D-AE3F55361501}.Release|Any CPU.Build.0 = Release|Any CPU
		{236798AB-1F50-4E72-B906-AA5DCA71CF7B}.Debug|Any CPU.ActiveCfg = Debug|Any CPU
		{236798AB-1F50-4E72-B906-AA5DCA71CF7B}.Debug|Any CPU.Build.0 = Debug|Any CPU
		{236798AB-1F50-4E72-B906-AA5DCA71CF7B}.Release|Any CPU.ActiveCfg = Release|Any CPU
		{236798AB-1F50-4E72-B906-AA5DCA71CF7B}.Release|Any CPU.Build.0 = Release|Any CPU
		{7E003058-60D5-48F0-ADC7-1934AF111740}.Debug|Any CPU.ActiveCfg = Debug|Any CPU
		{7E003058-60D5-48F0-ADC7-1934AF111740}.Debug|Any CPU.Build.0 = Debug|Any CPU
		{7E003058-60D5-48F0-ADC7-1934AF111740}.Release|Any CPU.ActiveCfg = Release|Any CPU
		{7E003058-60D5-48F0-ADC7-1934AF111740}.Release|Any CPU.Build.0 = Release|Any CPU
		{84E834B0-659A-4569-8300-CDC1BAF1D3CA}.Debug|Any CPU.ActiveCfg = Debug|Any CPU
		{84E834B0-659A-4569-8300-CDC1BAF1D3CA}.Debug|Any CPU.Build.0 = Debug|Any CPU
		{84E834B0-659A-4569-8300-CDC1BAF1D3CA}.Release|Any CPU.ActiveCfg = Release|Any CPU
		{84E834B0-659A-4569-8300-CDC1BAF1D3CA}.Release|Any CPU.Build.0 = Release|Any CPU
	EndGlobalSection
	GlobalSection(SolutionProperties) = preSolution
		HideSolutionNode = FALSE
	EndGlobalSection
	GlobalSection(ExtensibilityGlobals) = postSolution
		SolutionGuid = {62C6BCE3-C446-4F2E-B3E2-077737DCDA9B}
	EndGlobalSection
EndGlobal
